// !$*UTF8*$!
{
	archiveVersion = 1;
	classes = {
	};
	objectVersion = 46;
	objects = {

/* Begin PBXBuildFile section */
		9419666C1DE96716004F5208 /* CellWithImage.swift in Sources */ = {isa = PBXBuildFile; fileRef = 9419666B1DE96716004F5208 /* CellWithImage.swift */; };
		9419666E1DE9673E004F5208 /* CellWithoutImage.swift in Sources */ = {isa = PBXBuildFile; fileRef = 9419666D1DE9673E004F5208 /* CellWithoutImage.swift */; };
		941966701DE97D2A004F5208 /* WebViewController.swift in Sources */ = {isa = PBXBuildFile; fileRef = 9419666F1DE97D2A004F5208 /* WebViewController.swift */; };
		9454C8401DE9030400A57BC7 /* AppDelegate.swift in Sources */ = {isa = PBXBuildFile; fileRef = 9454C83F1DE9030400A57BC7 /* AppDelegate.swift */; };
		9454C8421DE9030400A57BC7 /* ViewController.swift in Sources */ = {isa = PBXBuildFile; fileRef = 9454C8411DE9030400A57BC7 /* ViewController.swift */; };
		9454C8451DE9030400A57BC7 /* Main.storyboard in Resources */ = {isa = PBXBuildFile; fileRef = 9454C8431DE9030400A57BC7 /* Main.storyboard */; };
		9454C8471DE9030400A57BC7 /* Assets.xcassets in Resources */ = {isa = PBXBuildFile; fileRef = 9454C8461DE9030400A57BC7 /* Assets.xcassets */; };
		9454C84A1DE9030400A57BC7 /* LaunchScreen.storyboard in Resources */ = {isa = PBXBuildFile; fileRef = 9454C8481DE9030400A57BC7 /* LaunchScreen.storyboard */; };
		94FE663B1DEA56A900948D53 /* ModelClassExtension.swift in Sources */ = {isa = PBXBuildFile; fileRef = 94FE663A1DEA56A900948D53 /* ModelClassExtension.swift */; };
/* End PBXBuildFile section */

/* Begin PBXFileReference section */
		9419666B1DE96716004F5208 /* CellWithImage.swift */ = {isa = PBXFileReference; fileEncoding = 4; lastKnownFileType = sourcecode.swift; path = CellWithImage.swift; sourceTree = "<group>"; };
		9419666D1DE9673E004F5208 /* CellWithoutImage.swift */ = {isa = PBXFileReference; fileEncoding = 4; lastKnownFileType = sourcecode.swift; path = CellWithoutImage.swift; sourceTree = "<group>"; };
		9419666F1DE97D2A004F5208 /* WebViewController.swift */ = {isa = PBXFileReference; fileEncoding = 4; lastKnownFileType = sourcecode.swift; path = WebViewController.swift; sourceTree = "<group>"; };
		9454C83C1DE9030400A57BC7 /* ArticleReader.app */ = {isa = PBXFileReference; explicitFileType = wrapper.application; includeInIndex = 0; path = ArticleReader.app; sourceTree = BUILT_PRODUCTS_DIR; };
		9454C83F1DE9030400A57BC7 /* AppDelegate.swift */ = {isa = PBXFileReference; lastKnownFileType = sourcecode.swift; path = AppDelegate.swift; sourceTree = "<group>"; };
		9454C8411DE9030400A57BC7 /* ViewController.swift */ = {isa = PBXFileReference; lastKnownFileType = sourcecode.swift; path = ViewController.swift; sourceTree = "<group>"; };
		9454C8441DE9030400A57BC7 /* Base */ = {isa = PBXFileReference; lastKnownFileType = file.storyboard; name = Base; path = Base.lproj/Main.storyboard; sourceTree = "<group>"; };
		9454C8461DE9030400A57BC7 /* Assets.xcassets */ = {isa = PBXFileReference; lastKnownFileType = folder.assetcatalog; path = Assets.xcassets; sourceTree = "<group>"; };
		9454C8491DE9030400A57BC7 /* Base */ = {isa = PBXFileReference; lastKnownFileType = file.storyboard; name = Base; path = Base.lproj/LaunchScreen.storyboard; sourceTree = "<group>"; };
		9454C84B1DE9030400A57BC7 /* Info.plist */ = {isa = PBXFileReference; lastKnownFileType = text.plist.xml; path = Info.plist; sourceTree = "<group>"; };
		94FE663A1DEA56A900948D53 /* ModelClassExtension.swift */ = {isa = PBXFileReference; fileEncoding = 4; lastKnownFileType = sourcecode.swift; path = ModelClassExtension.swift; sourceTree = "<group>"; };
/* End PBXFileReference section */

/* Begin PBXFrameworksBuildPhase section */
		9454C8391DE9030400A57BC7 /* Frameworks */ = {
			isa = PBXFrameworksBuildPhase;
			buildActionMask = 2147483647;
			files = (
			);
			runOnlyForDeploymentPostprocessing = 0;
		};
/* End PBXFrameworksBuildPhase section */

/* Begin PBXGroup section */
		9454C8331DE9030400A57BC7 = {
			isa = PBXGroup;
			children = (
				9454C83E1DE9030400A57BC7 /* ArticleReader */,
				9454C83D1DE9030400A57BC7 /* Products */,
			);
			sourceTree = "<group>";
		};
		9454C83D1DE9030400A57BC7 /* Products */ = {
			isa = PBXGroup;
			children = (
				9454C83C1DE9030400A57BC7 /* ArticleReader.app */,
			);
			name = Products;
			sourceTree = "<group>";
		};
		9454C83E1DE9030400A57BC7 /* ArticleReader */ = {
			isa = PBXGroup;
			children = (
				9454C83F1DE9030400A57BC7 /* AppDelegate.swift */,
				9454C8411DE9030400A57BC7 /* ViewController.swift */,
				94FE663A1DEA56A900948D53 /* ModelClassExtension.swift */,
				9419666F1DE97D2A004F5208 /* WebViewController.swift */,
				9419666B1DE96716004F5208 /* CellWithImage.swift */,
				9419666D1DE9673E004F5208 /* CellWithoutImage.swift */,
				9454C8431DE9030400A57BC7 /* Main.storyboard */,
				9454C8461DE9030400A57BC7 /* Assets.xcassets */,
				9454C8481DE9030400A57BC7 /* LaunchScreen.storyboard */,
				9454C84B1DE9030400A57BC7 /* Info.plist */,
			);
			path = ArticleReader;
			sourceTree = "<group>";
		};
/* End PBXGroup section */

/* Begin PBXNativeTarget section */
		9454C83B1DE9030400A57BC7 /* ArticleReader */ = {
			isa = PBXNativeTarget;
			buildConfigurationList = 9454C84E1DE9030400A57BC7 /* Build configuration list for PBXNativeTarget "ArticleReader" */;
			buildPhases = (
				9454C8381DE9030400A57BC7 /* Sources */,
				9454C8391DE9030400A57BC7 /* Frameworks */,
				9454C83A1DE9030400A57BC7 /* Resources */,
			);
			buildRules = (
			);
			dependencies = (
			);
			name = ArticleReader;
			productName = ArticleReader;
			productReference = 9454C83C1DE9030400A57BC7 /* ArticleReader.app */;
			productType = "com.apple.product-type.application";
		};
/* End PBXNativeTarget section */

/* Begin PBXProject section */
		9454C8341DE9030400A57BC7 /* Project object */ = {
			isa = PBXProject;
			attributes = {
				LastSwiftUpdateCheck = 0810;
				LastUpgradeCheck = 0810;
				ORGANIZATIONNAME = Shakthi;
				TargetAttributes = {
					9454C83B1DE9030400A57BC7 = {
						CreatedOnToolsVersion = 8.1;
						ProvisioningStyle = Automatic;
					};
				};
			};
			buildConfigurationList = 9454C8371DE9030400A57BC7 /* Build configuration list for PBXProject "ArticleReader" */;
			compatibilityVersion = "Xcode 3.2";
			developmentRegion = English;
			hasScannedForEncodings = 0;
			knownRegions = (
				en,
				Base,
			);
			mainGroup = 9454C8331DE9030400A57BC7;
			productRefGroup = 9454C83D1DE9030400A57BC7 /* Products */;
			projectDirPath = "";
			projectRoot = "";
			targets = (
				9454C83B1DE9030400A57BC7 /* ArticleReader */,
			);
		};
/* End PBXProject section */

/* Begin PBXResourcesBuildPhase section */
		9454C83A1DE9030400A57BC7 /* Resources */ = {
			isa = PBXResourcesBuildPhase;
			buildActionMask = 2147483647;
			files = (
				9454C84A1DE9030400A57BC7 /* LaunchScreen.storyboard in Resources */,
				9454C8471DE9030400A57BC7 /* Assets.xcassets in Resources */,
				9454C8451DE9030400A57BC7 /* Main.storyboard in Resources */,
			);
			runOnlyForDeploymentPostprocessing = 0;
		};
/* End PBXResourcesBuildPhase section */

/* Begin PBXSourcesBuildPhase section */
		9454C8381DE9030400A57BC7 /* Sources */ = {
			isa = PBXSourcesBuildPhase;
			buildActionMask = 2147483647;
			files = (
				94FE663B1DEA56A900948D53 /* ModelClassExtension.swift in Sources */,
				9419666E1DE9673E004F5208 /* CellWithoutImage.swift in Sources */,
				9454C8421DE9030400A57BC7 /* ViewController.swift in Sources */,
				9419666C1DE96716004F5208 /* CellWithImage.swift in Sources */,
				941966701DE97D2A004F5208 /* WebViewController.swift in Sources */,
				9454C8401DE9030400A57BC7 /* AppDelegate.swift in Sources */,
			);
			runOnlyForDeploymentPostprocessing = 0;
		};
/* End PBXSourcesBuildPhase section */

/* Begin PBXVariantGroup section */
		9454C8431DE9030400A57BC7 /* Main.storyboard */ = {
			isa = PBXVariantGroup;
			children = (
				9454C8441DE9030400A57BC7 /* Base */,
			);
			name = Main.storyboard;
			sourceTree = "<group>";
		};
		9454C8481DE9030400A57BC7 /* LaunchScreen.storyboard */ = {
			isa = PBXVariantGroup;
			children = (
				9454C8491DE9030400A57BC7 /* Base */,
			);
			name = LaunchScreen.storyboard;
			sourceTree = "<group>";
		};
/* End PBXVariantGroup section */

/* Begin XCBuildConfiguration section */
		9454C84C1DE9030400A57BC7 /* Debug */ = {
			isa = XCBuildConfiguration;
			buildSettings = {
				ALWAYS_SEARCH_USER_PATHS = NO;
				CLANG_ANALYZER_NONNULL = YES;
				CLANG_CXX_LANGUAGE_STANDARD = "gnu++0x";
				CLANG_CXX_LIBRARY = "libc++";
				CLANG_ENABLE_MODULES = YES;
				CLANG_ENABLE_OBJC_ARC = YES;
				CLANG_WARN_BOOL_CONVERSION = YES;
				CLANG_WARN_CONSTANT_CONVERSION = YES;
				CLANG_WARN_DIRECT_OBJC_ISA_USAGE = YES_ERROR;
				CLANG_WARN_DOCUMENTATION_COMMENTS = YES;
				CLANG_WARN_EMPTY_BODY = YES;
				CLANG_WARN_ENUM_CONVERSION = YES;
				CLANG_WARN_INFINITE_RECURSION = YES;
				CLANG_WARN_INT_CONVERSION = YES;
				CLANG_WARN_OBJC_ROOT_CLASS = YES_ERROR;
				CLANG_WARN_SUSPICIOUS_MOVES = YES;
				CLANG_WARN_UNREACHABLE_CODE = YES;
				CLANG_WARN__DUPLICATE_METHOD_MATCH = YES;
				"CODE_SIGN_IDENTITY[sdk=iphoneos*]" = "iPhone Developer";
				COPY_PHASE_STRIP = NO;
				DEBUG_INFORMATION_FORMAT = dwarf;
				ENABLE_STRICT_OBJC_MSGSEND = YES;
				ENABLE_TESTABILITY = YES;
				GCC_C_LANGUAGE_STANDARD = gnu99;
				GCC_DYNAMIC_NO_PIC = NO;
				GCC_NO_COMMON_BLOCKS = YES;
				GCC_OPTIMIZATION_LEVEL = 0;
				GCC_PREPROCESSOR_DEFINITIONS = (
					"DEBUG=1",
					"$(inherited)",
				);
				GCC_WARN_64_TO_32_BIT_CONVERSION = YES;
				GCC_WARN_ABOUT_RETURN_TYPE = YES_ERROR;
				GCC_WARN_UNDECLARED_SELECTOR = YES;
				GCC_WARN_UNINITIALIZED_AUTOS = YES_AGGRESSIVE;
				GCC_WARN_UNUSED_FUNCTION = YES;
				GCC_WARN_UNUSED_VARIABLE = YES;
				IPHONEOS_DEPLOYMENT_TARGET = 10.1;
				MTL_ENABLE_DEBUG_INFO = YES;
				ONLY_ACTIVE_ARCH = YES;
				SDKROOT = iphoneos;
				SWIFT_ACTIVE_COMPILATION_CONDITIONS = DEBUG;
				SWIFT_OPTIMIZATION_LEVEL = "-Onone";
				TARGETED_DEVICE_FAMILY = "1,2";
			};
			name = Debug;
		};
		9454C84D1DE9030400A57BC7 /* Release */ = {
			isa = XCBuildConfiguration;
			buildSettings = {
				ALWAYS_SEARCH_USER_PATHS = NO;
				CLANG_ANALYZER_NONNULL = YES;
				CLANG_CXX_LANGUAGE_STANDARD = "gnu++0x";
				CLANG_CXX_LIBRARY = "libc++";
				CLANG_ENABLE_MODULES = YES;
				CLANG_ENABLE_OBJC_ARC = YES;
				CLANG_WARN_BOOL_CONVERSION = YES;
				CLANG_WARN_CONSTANT_CONVERSION = YES;
				CLANG_WARN_DIRECT_OBJC_ISA_USAGE = YES_ERROR;
				CLANG_WARN_DOCUMENTATION_COMMENTS = YES;
				CLANG_WARN_EMPTY_BODY = YES;
				CLANG_WARN_ENUM_CONVERSION = YES;
				CLANG_WARN_INFINITE_RECURSION = YES;
				CLANG_WARN_INT_CONVERSION = YES;
				CLANG_WARN_OBJC_ROOT_CLASS = YES_ERROR;
				CLANG_WARN_SUSPICIOUS_MOVES = YES;
				CLANG_WARN_UNREACHABLE_CODE = YES;
				CLANG_WARN__DUPLICATE_METHOD_MATCH = YES;
				"CODE_SIGN_IDENTITY[sdk=iphoneos*]" = "iPhone Developer";
				COPY_PHASE_STRIP = NO;
				DEBUG_INFORMATION_FORMAT = "dwarf-with-dsym";
				ENABLE_NS_ASSERTIONS = NO;
				ENABLE_STRICT_OBJC_MSGSEND = YES;
				GCC_C_LANGUAGE_STANDARD = gnu99;
				GCC_NO_COMMON_BLOCKS = YES;
				GCC_WARN_64_TO_32_BIT_CONVERSION = YES;
				GCC_WARN_ABOUT_RETURN_TYPE = YES_ERROR;
				GCC_WARN_UNDECLARED_SELECTOR = YES;
				GCC_WARN_UNINITIALIZED_AUTOS = YES_AGGRESSIVE;
				GCC_WARN_UNUSED_FUNCTION = YES;
				GCC_WARN_UNUSED_VARIABLE = YES;
				IPHONEOS_DEPLOYMENT_TARGET = 10.1;
				MTL_ENABLE_DEBUG_INFO = NO;
				SDKROOT = iphoneos;
				SWIFT_OPTIMIZATION_LEVEL = "-Owholemodule";
				TARGETED_DEVICE_FAMILY = "1,2";
				VALIDATE_PRODUCT = YES;
			};
			name = Release;
		};
		9454C84F1DE9030400A57BC7 /* Debug */ = {
			isa = XCBuildConfiguration;
			buildSettings = {
				ASSETCATALOG_COMPILER_APPICON_NAME = AppIcon;
				INFOPLIST_FILE = ArticleReader/Info.plist;
				LD_RUNPATH_SEARCH_PATHS = "$(inherited) @executable_path/Frameworks";
				PRODUCT_BUNDLE_IDENTIFIER = com.shakthi.ArticleReader;
				PRODUCT_NAME = "$(TARGET_NAME)";
				SWIFT_VERSION = 3.0;
			};
			name = Debug;
		};
		9454C8501DE9030400A57BC7 /* Release */ = {
			isa = XCBuildConfiguration;
			buildSettings = {
				ASSETCATALOG_COMPILER_APPICON_NAME = AppIcon;
				INFOPLIST_FILE = ArticleReader/Info.plist;
				LD_RUNPATH_SEARCH_PATHS = "$(inherited) @executable_path/Frameworks";
				PRODUCT_BUNDLE_IDENTIFIER = com.shakthi.ArticleReader;
				PRODUCT_NAME = "$(TARGET_NAME)";
				SWIFT_VERSION = 3.0;
			};
			name = Release;
		};
/* End XCBuildConfiguration section */

/* Begin XCConfigurationList section */
		9454C8371DE9030400A57BC7 /* Build configuration list for PBXProject "ArticleReader" */ = {
			isa = XCConfigurationList;
			buildConfigurations = (
				9454C84C1DE9030400A57BC7 /* Debug */,
				9454C84D1DE9030400A57BC7 /* Release */,
			);
			defaultConfigurationIsVisible = 0;
			defaultConfigurationName = Release;
		};
		9454C84E1DE9030400A57BC7 /* Build configuration list for PBXNativeTarget "ArticleReader" */ = {
			isa = XCConfigurationList;
			buildConfigurations = (
				9454C84F1DE9030400A57BC7 /* Debug */,
				9454C8501DE9030400A57BC7 /* Release */,
			);
			defaultConfigurationIsVisible = 0;
			defaultConfigurationName = Release;
		};
/* End XCConfigurationList section */
	};
	rootObject = 9454C8341DE9030400A57BC7 /* Project object */;
}
